Microsoft Visual Studio Solution File, Format Version 1.00
Project("{66355F20-A65B-11D0-BFB5-00A0C91EBFA0}") = "TNMC", "TNMC.vjp", "{A96F8066-BE59-11D3-9E90-005004D19B63}"
EndProject
Global
	GlobalSection(LocalDeployment) = postSolution
		StartupProject = {A96F8066-BE59-11D3-9E90-005004D19B63}
	EndGlobalSection
	GlobalSection(BuildOrder) = postSolution
		0 = {A96F8066-BE59-11D3-9E90-005004D19B63}
	EndGlobalSection
	GlobalSection(DeploymentRoot) = postSolution
	EndGlobalSection
EndGlobal
